// !$*UTF8*$!
{
	archiveVersion = 1;
	classes = {
	};
	objectVersion = 51;
	objects = {

/* Begin PBXBuildFile section */
		149AA7E898935A302B57455D /* Pods_M_NewsTests.framework in Frameworks */ = {isa = PBXBuildFile; fileRef = 0303351DBC85E656E0E71274 /* Pods_M_NewsTests.framework */; };
		2D047DA686537C33A290E932 /* Pods_M_News.framework in Frameworks */ = {isa = PBXBuildFile; fileRef = B3513AED24200BE92ECC40C3 /* Pods_M_News.framework */; };
		9FF11D32D624E3AA9C73191F /* Pods_M_News_M_NewsUITests.framework in Frameworks */ = {isa = PBXBuildFile; fileRef = DFE959641686819382C250DA /* Pods_M_News_M_NewsUITests.framework */; };
		C6DCF0C6261CBB840049D989 /* AppDelegate.swift in Sources */ = {isa = PBXBuildFile; fileRef = C6DCF0C5261CBB840049D989 /* AppDelegate.swift */; };
		C6DCF0C8261CBB840049D989 /* SceneDelegate.swift in Sources */ = {isa = PBXBuildFile; fileRef = C6DCF0C7261CBB840049D989 /* SceneDelegate.swift */; };
		C6DCF0CA261CBB840049D989 /* ViewController.swift in Sources */ = {isa = PBXBuildFile; fileRef = C6DCF0C9261CBB840049D989 /* ViewController.swift */; };
		C6DCF0CF261CBB880049D989 /* Assets.xcassets in Resources */ = {isa = PBXBuildFile; fileRef = C6DCF0CE261CBB880049D989 /* Assets.xcassets */; };
		C6DCF0D2261CBB880049D989 /* LaunchScreen.storyboard in Resources */ = {isa = PBXBuildFile; fileRef = C6DCF0D0261CBB880049D989 /* LaunchScreen.storyboard */; };
		C6DCF0DD261CBB880049D989 /* M_NewsTests.swift in Sources */ = {isa = PBXBuildFile; fileRef = C6DCF0DC261CBB880049D989 /* M_NewsTests.swift */; };
		C6DCF0E8261CBB880049D989 /* M_NewsUITests.swift in Sources */ = {isa = PBXBuildFile; fileRef = C6DCF0E7261CBB880049D989 /* M_NewsUITests.swift */; };
		C6DCF103261CBDD20049D989 /* LoginController.swift in Sources */ = {isa = PBXBuildFile; fileRef = C6DCF102261CBDD20049D989 /* LoginController.swift */; };
		C6DCF109261CC0440049D989 /* Extension.swift in Sources */ = {isa = PBXBuildFile; fileRef = C6DCF108261CC0440049D989 /* Extension.swift */; };
		C6DCF10E261CE6240049D989 /* SignUpController.swift in Sources */ = {isa = PBXBuildFile; fileRef = C6DCF10D261CE6240049D989 /* SignUpController.swift */; };
		C6DCF113261CF3E70049D989 /* GoogleService-Info.plist in Resources */ = {isa = PBXBuildFile; fileRef = C6DCF112261CF3E70049D989 /* GoogleService-Info.plist */; };
		C6DCF134261D345F0049D989 /* HomeController.swift in Sources */ = {isa = PBXBuildFile; fileRef = C6DCF133261D345F0049D989 /* HomeController.swift */; };
		C6DCF139261D42B70049D989 /* DashboardController.swift in Sources */ = {isa = PBXBuildFile; fileRef = C6DCF138261D42B70049D989 /* DashboardController.swift */; };
		C6DCF13E261D43360049D989 /* FavoritesController.swift in Sources */ = {isa = PBXBuildFile; fileRef = C6DCF13D261D43360049D989 /* FavoritesController.swift */; };
		C6DCF14D261D8DF00049D989 /* AccountController.swift in Sources */ = {isa = PBXBuildFile; fileRef = C6DCF14C261D8DF00049D989 /* AccountController.swift */; };
		C6DCF159261D946B0049D989 /* MenuOptionCell.swift in Sources */ = {isa = PBXBuildFile; fileRef = C6DCF158261D946B0049D989 /* MenuOptionCell.swift */; };
		C6DCF15F261D9D420049D989 /* MenuOption.swift in Sources */ = {isa = PBXBuildFile; fileRef = C6DCF15E261D9D420049D989 /* MenuOption.swift */; };
		C6DCF164261DADE20049D989 /* SettingsController.swift in Sources */ = {isa = PBXBuildFile; fileRef = C6DCF163261DADE10049D989 /* SettingsController.swift */; };
/* End PBXBuildFile section */

/* Begin PBXContainerItemProxy section */
		C6DCF0D9261CBB880049D989 /* PBXContainerItemProxy */ = {
			isa = PBXContainerItemProxy;
			containerPortal = C6DCF0BA261CBB830049D989 /* Project object */;
			proxyType = 1;
			remoteGlobalIDString = C6DCF0C1261CBB840049D989;
			remoteInfo = "M-News";
		};
		C6DCF0E4261CBB880049D989 /* PBXContainerItemProxy */ = {
			isa = PBXContainerItemProxy;
			containerPortal = C6DCF0BA261CBB830049D989 /* Project object */;
			proxyType = 1;
			remoteGlobalIDString = C6DCF0C1261CBB840049D989;
			remoteInfo = "M-News";
		};
/* End PBXContainerItemProxy section */

/* Begin PBXFileReference section */
		0303351DBC85E656E0E71274 /* Pods_M_NewsTests.framework */ = {isa = PBXFileReference; explicitFileType = wrapper.framework; includeInIndex = 0; path = Pods_M_NewsTests.framework; sourceTree = BUILT_PRODUCTS_DIR; };
		0698AD771DE2DC38C3CAF85D /* Pods-M-NewsTests.debug.xcconfig */ = {isa = PBXFileReference; includeInIndex = 1; lastKnownFileType = text.xcconfig; name = "Pods-M-NewsTests.debug.xcconfig"; path = "Target Support Files/Pods-M-NewsTests/Pods-M-NewsTests.debug.xcconfig"; sourceTree = "<group>"; };
		31BF241B848F08ED95744399 /* Pods-M-News.debug.xcconfig */ = {isa = PBXFileReference; includeInIndex = 1; lastKnownFileType = text.xcconfig; name = "Pods-M-News.debug.xcconfig"; path = "Target Support Files/Pods-M-News/Pods-M-News.debug.xcconfig"; sourceTree = "<group>"; };
		555B5B90CDEF7F9A33575913 /* Pods-M-News-M-NewsUITests.release.xcconfig */ = {isa = PBXFileReference; includeInIndex = 1; lastKnownFileType = text.xcconfig; name = "Pods-M-News-M-NewsUITests.release.xcconfig"; path = "Target Support Files/Pods-M-News-M-NewsUITests/Pods-M-News-M-NewsUITests.release.xcconfig"; sourceTree = "<group>"; };
		6A3B6CE50E93F89BFF98CFCE /* Pods-M-News-M-NewsUITests.debug.xcconfig */ = {isa = PBXFileReference; includeInIndex = 1; lastKnownFileType = text.xcconfig; name = "Pods-M-News-M-NewsUITests.debug.xcconfig"; path = "Target Support Files/Pods-M-News-M-NewsUITests/Pods-M-News-M-NewsUITests.debug.xcconfig"; sourceTree = "<group>"; };
		84A31EAB9EDE0701F8406166 /* Pods-M-News.release.xcconfig */ = {isa = PBXFileReference; includeInIndex = 1; lastKnownFileType = text.xcconfig; name = "Pods-M-News.release.xcconfig"; path = "Target Support Files/Pods-M-News/Pods-M-News.release.xcconfig"; sourceTree = "<group>"; };
		B3513AED24200BE92ECC40C3 /* Pods_M_News.framework */ = {isa = PBXFileReference; explicitFileType = wrapper.framework; includeInIndex = 0; path = Pods_M_News.framework; sourceTree = BUILT_PRODUCTS_DIR; };
		C6DCF0C2261CBB840049D989 /* M-News.app */ = {isa = PBXFileReference; explicitFileType = wrapper.application; includeInIndex = 0; path = "M-News.app"; sourceTree = BUILT_PRODUCTS_DIR; };
		C6DCF0C5261CBB840049D989 /* AppDelegate.swift */ = {isa = PBXFileReference; lastKnownFileType = sourcecode.swift; path = AppDelegate.swift; sourceTree = "<group>"; };
		C6DCF0C7261CBB840049D989 /* SceneDelegate.swift */ = {isa = PBXFileReference; lastKnownFileType = sourcecode.swift; path = SceneDelegate.swift; sourceTree = "<group>"; };
		C6DCF0C9261CBB840049D989 /* ViewController.swift */ = {isa = PBXFileReference; lastKnownFileType = sourcecode.swift; path = ViewController.swift; sourceTree = "<group>"; };
		C6DCF0CE261CBB880049D989 /* Assets.xcassets */ = {isa = PBXFileReference; lastKnownFileType = folder.assetcatalog; path = Assets.xcassets; sourceTree = "<group>"; };
		C6DCF0D1261CBB880049D989 /* Base */ = {isa = PBXFileReference; lastKnownFileType = file.storyboard; name = Base; path = Base.lproj/LaunchScreen.storyboard; sourceTree = "<group>"; };
		C6DCF0D3261CBB880049D989 /* Info.plist */ = {isa = PBXFileReference; lastKnownFileType = text.plist.xml; path = Info.plist; sourceTree = "<group>"; };
		C6DCF0D8261CBB880049D989 /* M-NewsTests.xctest */ = {isa = PBXFileReference; explicitFileType = wrapper.cfbundle; includeInIndex = 0; path = "M-NewsTests.xctest"; sourceTree = BUILT_PRODUCTS_DIR; };
		C6DCF0DC261CBB880049D989 /* M_NewsTests.swift */ = {isa = PBXFileReference; lastKnownFileType = sourcecode.swift; path = M_NewsTests.swift; sourceTree = "<group>"; };
		C6DCF0DE261CBB880049D989 /* Info.plist */ = {isa = PBXFileReference; lastKnownFileType = text.plist.xml; path = Info.plist; sourceTree = "<group>"; };
		C6DCF0E3261CBB880049D989 /* M-NewsUITests.xctest */ = {isa = PBXFileReference; explicitFileType = wrapper.cfbundle; includeInIndex = 0; path = "M-NewsUITests.xctest"; sourceTree = BUILT_PRODUCTS_DIR; };
		C6DCF0E7261CBB880049D989 /* M_NewsUITests.swift */ = {isa = PBXFileReference; lastKnownFileType = sourcecode.swift; path = M_NewsUITests.swift; sourceTree = "<group>"; };
		C6DCF0E9261CBB880049D989 /* Info.plist */ = {isa = PBXFileReference; lastKnownFileType = text.plist.xml; path = Info.plist; sourceTree = "<group>"; };
		C6DCF102261CBDD20049D989 /* LoginController.swift */ = {isa = PBXFileReference; lastKnownFileType = sourcecode.swift; path = LoginController.swift; sourceTree = "<group>"; };
		C6DCF108261CC0440049D989 /* Extension.swift */ = {isa = PBXFileReference; lastKnownFileType = sourcecode.swift; path = Extension.swift; sourceTree = "<group>"; };
		C6DCF10D261CE6240049D989 /* SignUpController.swift */ = {isa = PBXFileReference; lastKnownFileType = sourcecode.swift; path = SignUpController.swift; sourceTree = "<group>"; };
		C6DCF112261CF3E70049D989 /* GoogleService-Info.plist */ = {isa = PBXFileReference; lastKnownFileType = text.plist; path = "GoogleService-Info.plist"; sourceTree = SOURCE_ROOT; };
		C6DCF133261D345F0049D989 /* HomeController.swift */ = {isa = PBXFileReference; lastKnownFileType = sourcecode.swift; path = HomeController.swift; sourceTree = "<group>"; };
		C6DCF138261D42B70049D989 /* DashboardController.swift */ = {isa = PBXFileReference; lastKnownFileType = sourcecode.swift; path = DashboardController.swift; sourceTree = "<group>"; };
		C6DCF13D261D43360049D989 /* FavoritesController.swift */ = {isa = PBXFileReference; lastKnownFileType = sourcecode.swift; path = FavoritesController.swift; sourceTree = "<group>"; };
		C6DCF14C261D8DF00049D989 /* AccountController.swift */ = {isa = PBXFileReference; lastKnownFileType = sourcecode.swift; path = AccountController.swift; sourceTree = "<group>"; };
		C6DCF158261D946B0049D989 /* MenuOptionCell.swift */ = {isa = PBXFileReference; lastKnownFileType = sourcecode.swift; path = MenuOptionCell.swift; sourceTree = "<group>"; };
		C6DCF15E261D9D420049D989 /* MenuOption.swift */ = {isa = PBXFileReference; lastKnownFileType = sourcecode.swift; path = MenuOption.swift; sourceTree = "<group>"; };
		C6DCF163261DADE10049D989 /* SettingsController.swift */ = {isa = PBXFileReference; lastKnownFileType = sourcecode.swift; path = SettingsController.swift; sourceTree = "<group>"; };
		DFE959641686819382C250DA /* Pods_M_News_M_NewsUITests.framework */ = {isa = PBXFileReference; explicitFileType = wrapper.framework; includeInIndex = 0; path = Pods_M_News_M_NewsUITests.framework; sourceTree = BUILT_PRODUCTS_DIR; };
		F9290184A8F72AFC13D25499 /* Pods-M-NewsTests.release.xcconfig */ = {isa = PBXFileReference; includeInIndex = 1; lastKnownFileType = text.xcconfig; name = "Pods-M-NewsTests.release.xcconfig"; path = "Target Support Files/Pods-M-NewsTests/Pods-M-NewsTests.release.xcconfig"; sourceTree = "<group>"; };
/* End PBXFileReference section */

/* Begin PBXFrameworksBuildPhase section */
		C6DCF0BF261CBB840049D989 /* Frameworks */ = {
			isa = PBXFrameworksBuildPhase;
			buildActionMask = 2147483647;
			files = (
				2D047DA686537C33A290E932 /* Pods_M_News.framework in Frameworks */,
			);
			runOnlyForDeploymentPostprocessing = 0;
		};
		C6DCF0D5261CBB880049D989 /* Frameworks */ = {
			isa = PBXFrameworksBuildPhase;
			buildActionMask = 2147483647;
			files = (
				149AA7E898935A302B57455D /* Pods_M_NewsTests.framework in Frameworks */,
			);
			runOnlyForDeploymentPostprocessing = 0;
		};
		C6DCF0E0261CBB880049D989 /* Frameworks */ = {
			isa = PBXFrameworksBuildPhase;
			buildActionMask = 2147483647;
			files = (
				9FF11D32D624E3AA9C73191F /* Pods_M_News_M_NewsUITests.framework in Frameworks */,
			);
			runOnlyForDeploymentPostprocessing = 0;
		};
/* End PBXFrameworksBuildPhase section */

/* Begin PBXGroup section */
		AB8763F9AB72780D22B44FC1 /* Pods */ = {
			isa = PBXGroup;
			children = (
				31BF241B848F08ED95744399 /* Pods-M-News.debug.xcconfig */,
				84A31EAB9EDE0701F8406166 /* Pods-M-News.release.xcconfig */,
				6A3B6CE50E93F89BFF98CFCE /* Pods-M-News-M-NewsUITests.debug.xcconfig */,
				555B5B90CDEF7F9A33575913 /* Pods-M-News-M-NewsUITests.release.xcconfig */,
				0698AD771DE2DC38C3CAF85D /* Pods-M-NewsTests.debug.xcconfig */,
				F9290184A8F72AFC13D25499 /* Pods-M-NewsTests.release.xcconfig */,
			);
			path = Pods;
			sourceTree = "<group>";
		};
		C6DCF0B9261CBB830049D989 = {
			isa = PBXGroup;
			children = (
				C6DCF0C4261CBB840049D989 /* M-News */,
				C6DCF0DB261CBB880049D989 /* M-NewsTests */,
				C6DCF0E6261CBB880049D989 /* M-NewsUITests */,
				C6DCF0C3261CBB840049D989 /* Products */,
				AB8763F9AB72780D22B44FC1 /* Pods */,
				FFC410BCFCF622A2D958F514 /* Frameworks */,
			);
			sourceTree = "<group>";
		};
		C6DCF0C3261CBB840049D989 /* Products */ = {
			isa = PBXGroup;
			children = (
				C6DCF0C2261CBB840049D989 /* M-News.app */,
				C6DCF0D8261CBB880049D989 /* M-NewsTests.xctest */,
				C6DCF0E3261CBB880049D989 /* M-NewsUITests.xctest */,
			);
			name = Products;
			sourceTree = "<group>";
		};
		C6DCF0C4261CBB840049D989 /* M-News */ = {
			isa = PBXGroup;
			children = (
				C6DCF15D261D9D2B0049D989 /* Model */,
				C6DCF157261D944B0049D989 /* View */,
				C6DCF107261CC0020049D989 /* Utils */,
				C6DCF0FE261CBD7D0049D989 /* Controller */,
				C6DCF0C5261CBB840049D989 /* AppDelegate.swift */,
				C6DCF0C7261CBB840049D989 /* SceneDelegate.swift */,
				C6DCF0C9261CBB840049D989 /* ViewController.swift */,
				C6DCF0CE261CBB880049D989 /* Assets.xcassets */,
				C6DCF112261CF3E70049D989 /* GoogleService-Info.plist */,
				C6DCF0D0261CBB880049D989 /* LaunchScreen.storyboard */,
				C6DCF0D3261CBB880049D989 /* Info.plist */,
			);
			path = "M-News";
			sourceTree = "<group>";
		};
		C6DCF0DB261CBB880049D989 /* M-NewsTests */ = {
			isa = PBXGroup;
			children = (
				C6DCF0DC261CBB880049D989 /* M_NewsTests.swift */,
				C6DCF0DE261CBB880049D989 /* Info.plist */,
			);
			path = "M-NewsTests";
			sourceTree = "<group>";
		};
		C6DCF0E6261CBB880049D989 /* M-NewsUITests */ = {
			isa = PBXGroup;
			children = (
				C6DCF0E7261CBB880049D989 /* M_NewsUITests.swift */,
				C6DCF0E9261CBB880049D989 /* Info.plist */,
			);
			path = "M-NewsUITests";
			sourceTree = "<group>";
		};
		C6DCF0FE261CBD7D0049D989 /* Controller */ = {
			isa = PBXGroup;
			children = (
				C6DCF102261CBDD20049D989 /* LoginController.swift */,
				C6DCF10D261CE6240049D989 /* SignUpController.swift */,
				C6DCF133261D345F0049D989 /* HomeController.swift */,
				C6DCF138261D42B70049D989 /* DashboardController.swift */,
				C6DCF13D261D43360049D989 /* FavoritesController.swift */,
				C6DCF14C261D8DF00049D989 /* AccountController.swift */,
				C6DCF163261DADE10049D989 /* SettingsController.swift */,
			);
			path = Controller;
			sourceTree = "<group>";
		};
		C6DCF107261CC0020049D989 /* Utils */ = {
			isa = PBXGroup;
			children = (
				C6DCF108261CC0440049D989 /* Extension.swift */,
			);
			path = Utils;
			sourceTree = "<group>";
		};
		C6DCF157261D944B0049D989 /* View */ = {
			isa = PBXGroup;
			children = (
				C6DCF158261D946B0049D989 /* MenuOptionCell.swift */,
			);
			path = View;
			sourceTree = "<group>";
		};
		C6DCF15D261D9D2B0049D989 /* Model */ = {
			isa = PBXGroup;
			children = (
				C6DCF15E261D9D420049D989 /* MenuOption.swift */,
			);
			path = Model;
			sourceTree = "<group>";
		};
		FFC410BCFCF622A2D958F514 /* Frameworks */ = {
			isa = PBXGroup;
			children = (
				B3513AED24200BE92ECC40C3 /* Pods_M_News.framework */,
				DFE959641686819382C250DA /* Pods_M_News_M_NewsUITests.framework */,
				0303351DBC85E656E0E71274 /* Pods_M_NewsTests.framework */,
			);
			name = Frameworks;
			sourceTree = "<group>";
		};
/* End PBXGroup section */

/* Begin PBXNativeTarget section */
		C6DCF0C1261CBB840049D989 /* M-News */ = {
			isa = PBXNativeTarget;
			buildConfigurationList = C6DCF0EC261CBB880049D989 /* Build configuration list for PBXNativeTarget "M-News" */;
			buildPhases = (
				34373330AE79C26761A8D583 /* [CP] Check Pods Manifest.lock */,
				C6DCF0BE261CBB840049D989 /* Sources */,
				C6DCF0BF261CBB840049D989 /* Frameworks */,
				C6DCF0C0261CBB840049D989 /* Resources */,
				11DDC383B8E5643CDADDE559 /* [CP] Embed Pods Frameworks */,
			);
			buildRules = (
			);
			dependencies = (
			);
			name = "M-News";
			productName = "M-News";
			productReference = C6DCF0C2261CBB840049D989 /* M-News.app */;
			productType = "com.apple.product-type.application";
		};
		C6DCF0D7261CBB880049D989 /* M-NewsTests */ = {
			isa = PBXNativeTarget;
			buildConfigurationList = C6DCF0EF261CBB880049D989 /* Build configuration list for PBXNativeTarget "M-NewsTests" */;
			buildPhases = (
				6F973F96F27EB8F519BB1FAB /* [CP] Check Pods Manifest.lock */,
				C6DCF0D4261CBB880049D989 /* Sources */,
				C6DCF0D5261CBB880049D989 /* Frameworks */,
				C6DCF0D6261CBB880049D989 /* Resources */,
			);
			buildRules = (
			);
			dependencies = (
				C6DCF0DA261CBB880049D989 /* PBXTargetDependency */,
			);
			name = "M-NewsTests";
			productName = "M-NewsTests";
			productReference = C6DCF0D8261CBB880049D989 /* M-NewsTests.xctest */;
			productType = "com.apple.product-type.bundle.unit-test";
		};
		C6DCF0E2261CBB880049D989 /* M-NewsUITests */ = {
			isa = PBXNativeTarget;
			buildConfigurationList = C6DCF0F2261CBB880049D989 /* Build configuration list for PBXNativeTarget "M-NewsUITests" */;
			buildPhases = (
				F972728917ED7693F56B2D61 /* [CP] Check Pods Manifest.lock */,
				C6DCF0DF261CBB880049D989 /* Sources */,
				C6DCF0E0261CBB880049D989 /* Frameworks */,
				C6DCF0E1261CBB880049D989 /* Resources */,
				026121383518F1400D82A741 /* [CP] Embed Pods Frameworks */,
			);
			buildRules = (
			);
			dependencies = (
				C6DCF0E5261CBB880049D989 /* PBXTargetDependency */,
			);
			name = "M-NewsUITests";
			productName = "M-NewsUITests";
			productReference = C6DCF0E3261CBB880049D989 /* M-NewsUITests.xctest */;
			productType = "com.apple.product-type.bundle.ui-testing";
		};
/* End PBXNativeTarget section */

/* Begin PBXProject section */
		C6DCF0BA261CBB830049D989 /* Project object */ = {
			isa = PBXProject;
			attributes = {
				LastSwiftUpdateCheck = 1240;
				LastUpgradeCheck = 1240;
				TargetAttributes = {
					C6DCF0C1261CBB840049D989 = {
						CreatedOnToolsVersion = 12.4;
					};
					C6DCF0D7261CBB880049D989 = {
						CreatedOnToolsVersion = 12.4;
						TestTargetID = C6DCF0C1261CBB840049D989;
					};
					C6DCF0E2261CBB880049D989 = {
						CreatedOnToolsVersion = 12.4;
						TestTargetID = C6DCF0C1261CBB840049D989;
					};
				};
			};
			buildConfigurationList = C6DCF0BD261CBB840049D989 /* Build configuration list for PBXProject "M-News" */;
			compatibilityVersion = "Xcode 9.3";
			developmentRegion = en;
			hasScannedForEncodings = 0;
			knownRegions = (
				en,
				Base,
			);
			mainGroup = C6DCF0B9261CBB830049D989;
			productRefGroup = C6DCF0C3261CBB840049D989 /* Products */;
			projectDirPath = "";
			projectRoot = "";
			targets = (
				C6DCF0C1261CBB840049D989 /* M-News */,
				C6DCF0D7261CBB880049D989 /* M-NewsTests */,
				C6DCF0E2261CBB880049D989 /* M-NewsUITests */,
			);
		};
/* End PBXProject section */

/* Begin PBXResourcesBuildPhase section */
		C6DCF0C0261CBB840049D989 /* Resources */ = {
			isa = PBXResourcesBuildPhase;
			buildActionMask = 2147483647;
			files = (
				C6DCF0D2261CBB880049D989 /* LaunchScreen.storyboard in Resources */,
				C6DCF0CF261CBB880049D989 /* Assets.xcassets in Resources */,
				C6DCF113261CF3E70049D989 /* GoogleService-Info.plist in Resources */,
			);
			runOnlyForDeploymentPostprocessing = 0;
		};
		C6DCF0D6261CBB880049D989 /* Resources */ = {
			isa = PBXResourcesBuildPhase;
			buildActionMask = 2147483647;
			files = (
			);
			runOnlyForDeploymentPostprocessing = 0;
		};
		C6DCF0E1261CBB880049D989 /* Resources */ = {
			isa = PBXResourcesBuildPhase;
			buildActionMask = 2147483647;
			files = (
			);
			runOnlyForDeploymentPostprocessing = 0;
		};
/* End PBXResourcesBuildPhase section */

/* Begin PBXShellScriptBuildPhase section */
		026121383518F1400D82A741 /* [CP] Embed Pods Frameworks */ = {
			isa = PBXShellScriptBuildPhase;
			buildActionMask = 2147483647;
			files = (
			);
			inputFileListPaths = (
				"${PODS_ROOT}/Target Support Files/Pods-M-News-M-NewsUITests/Pods-M-News-M-NewsUITests-frameworks-${CONFIGURATION}-input-files.xcfilelist",
			);
			name = "[CP] Embed Pods Frameworks";
			outputFileListPaths = (
				"${PODS_ROOT}/Target Support Files/Pods-M-News-M-NewsUITests/Pods-M-News-M-NewsUITests-frameworks-${CONFIGURATION}-output-files.xcfilelist",
			);
			runOnlyForDeploymentPostprocessing = 0;
			shellPath = /bin/sh;
			shellScript = "\"${PODS_ROOT}/Target Support Files/Pods-M-News-M-NewsUITests/Pods-M-News-M-NewsUITests-frameworks.sh\"\n";
			showEnvVarsInLog = 0;
		};
		11DDC383B8E5643CDADDE559 /* [CP] Embed Pods Frameworks */ = {
			isa = PBXShellScriptBuildPhase;
			buildActionMask = 2147483647;
			files = (
			);
			inputFileListPaths = (
				"${PODS_ROOT}/Target Support Files/Pods-M-News/Pods-M-News-frameworks-${CONFIGURATION}-input-files.xcfilelist",
			);
			name = "[CP] Embed Pods Frameworks";
			outputFileListPaths = (
				"${PODS_ROOT}/Target Support Files/Pods-M-News/Pods-M-News-frameworks-${CONFIGURATION}-output-files.xcfilelist",
			);
			runOnlyForDeploymentPostprocessing = 0;
			shellPath = /bin/sh;
			shellScript = "\"${PODS_ROOT}/Target Support Files/Pods-M-News/Pods-M-News-frameworks.sh\"\n";
			showEnvVarsInLog = 0;
		};
		34373330AE79C26761A8D583 /* [CP] Check Pods Manifest.lock */ = {
			isa = PBXShellScriptBuildPhase;
			buildActionMask = 2147483647;
			files = (
			);
			inputFileListPaths = (
			);
			inputPaths = (
				"${PODS_PODFILE_DIR_PATH}/Podfile.lock",
				"${PODS_ROOT}/Manifest.lock",
			);
			name = "[CP] Check Pods Manifest.lock";
			outputFileListPaths = (
			);
			outputPaths = (
				"$(DERIVED_FILE_DIR)/Pods-M-News-checkManifestLockResult.txt",
			);
			runOnlyForDeploymentPostprocessing = 0;
			shellPath = /bin/sh;
			shellScript = "diff \"${PODS_PODFILE_DIR_PATH}/Podfile.lock\" \"${PODS_ROOT}/Manifest.lock\" > /dev/null\nif [ $? != 0 ] ; then\n    # print error to STDERR\n    echo \"error: The sandbox is not in sync with the Podfile.lock. Run 'pod install' or update your CocoaPods installation.\" >&2\n    exit 1\nfi\n# This output is used by Xcode 'outputs' to avoid re-running this script phase.\necho \"SUCCESS\" > \"${SCRIPT_OUTPUT_FILE_0}\"\n";
			showEnvVarsInLog = 0;
		};
		6F973F96F27EB8F519BB1FAB /* [CP] Check Pods Manifest.lock */ = {
			isa = PBXShellScriptBuildPhase;
			buildActionMask = 2147483647;
			files = (
			);
			inputFileListPaths = (
			);
			inputPaths = (
				"${PODS_PODFILE_DIR_PATH}/Podfile.lock",
				"${PODS_ROOT}/Manifest.lock",
			);
			name = "[CP] Check Pods Manifest.lock";
			outputFileListPaths = (
			);
			outputPaths = (
				"$(DERIVED_FILE_DIR)/Pods-M-NewsTests-checkManifestLockResult.txt",
			);
			runOnlyForDeploymentPostprocessing = 0;
			shellPath = /bin/sh;
			shellScript = "diff \"${PODS_PODFILE_DIR_PATH}/Podfile.lock\" \"${PODS_ROOT}/Manifest.lock\" > /dev/null\nif [ $? != 0 ] ; then\n    # print error to STDERR\n    echo \"error: The sandbox is not in sync with the Podfile.lock. Run 'pod install' or update your CocoaPods installation.\" >&2\n    exit 1\nfi\n# This output is used by Xcode 'outputs' to avoid re-running this script phase.\necho \"SUCCESS\" > \"${SCRIPT_OUTPUT_FILE_0}\"\n";
			showEnvVarsInLog = 0;
		};
		F972728917ED7693F56B2D61 /* [CP] Check Pods Manifest.lock */ = {
			isa = PBXShellScriptBuildPhase;
			buildActionMask = 2147483647;
			files = (
			);
			inputFileListPaths = (
			);
			inputPaths = (
				"${PODS_PODFILE_DIR_PATH}/Podfile.lock",
				"${PODS_ROOT}/Manifest.lock",
			);
			name = "[CP] Check Pods Manifest.lock";
			outputFileListPaths = (
			);
			outputPaths = (
				"$(DERIVED_FILE_DIR)/Pods-M-News-M-NewsUITests-checkManifestLockResult.txt",
			);
			runOnlyForDeploymentPostprocessing = 0;
			shellPath = /bin/sh;
			shellScript = "diff \"${PODS_PODFILE_DIR_PATH}/Podfile.lock\" \"${PODS_ROOT}/Manifest.lock\" > /dev/null\nif [ $? != 0 ] ; then\n    # print error to STDERR\n    echo \"error: The sandbox is not in sync with the Podfile.lock. Run 'pod install' or update your CocoaPods installation.\" >&2\n    exit 1\nfi\n# This output is used by Xcode 'outputs' to avoid re-running this script phase.\necho \"SUCCESS\" > \"${SCRIPT_OUTPUT_FILE_0}\"\n";
			showEnvVarsInLog = 0;
		};
/* End PBXShellScriptBuildPhase section */

/* Begin PBXSourcesBuildPhase section */
		C6DCF0BE261CBB840049D989 /* Sources */ = {
			isa = PBXSourcesBuildPhase;
			buildActionMask = 2147483647;
			files = (
				C6DCF139261D42B70049D989 /* DashboardController.swift in Sources */,
				C6DCF164261DADE20049D989 /* SettingsController.swift in Sources */,
				C6DCF15F261D9D420049D989 /* MenuOption.swift in Sources */,
				C6DCF159261D946B0049D989 /* MenuOptionCell.swift in Sources */,
				C6DCF109261CC0440049D989 /* Extension.swift in Sources */,
				C6DCF14D261D8DF00049D989 /* AccountController.swift in Sources */,
				C6DCF13E261D43360049D989 /* FavoritesController.swift in Sources */,
				C6DCF0CA261CBB840049D989 /* ViewController.swift in Sources */,
				C6DCF134261D345F0049D989 /* HomeController.swift in Sources */,
				C6DCF103261CBDD20049D989 /* LoginController.swift in Sources */,
				C6DCF0C6261CBB840049D989 /* AppDelegate.swift in Sources */,
				C6DCF0C8261CBB840049D989 /* SceneDelegate.swift in Sources */,
				C6DCF10E261CE6240049D989 /* SignUpController.swift in Sources */,
			);
			runOnlyForDeploymentPostprocessing = 0;
		};
		C6DCF0D4261CBB880049D989 /* Sources */ = {
			isa = PBXSourcesBuildPhase;
			buildActionMask = 2147483647;
			files = (
				C6DCF0DD261CBB880049D989 /* M_NewsTests.swift in Sources */,
			);
			runOnlyForDeploymentPostprocessing = 0;
		};
		C6DCF0DF261CBB880049D989 /* Sources */ = {
			isa = PBXSourcesBuildPhase;
			buildActionMask = 2147483647;
			files = (
				C6DCF0E8261CBB880049D989 /* M_NewsUITests.swift in Sources */,
			);
			runOnlyForDeploymentPostprocessing = 0;
		};
/* End PBXSourcesBuildPhase section */

/* Begin PBXTargetDependency section */
		C6DCF0DA261CBB880049D989 /* PBXTargetDependency */ = {
			isa = PBXTargetDependency;
			target = C6DCF0C1261CBB840049D989 /* M-News */;
			targetProxy = C6DCF0D9261CBB880049D989 /* PBXContainerItemProxy */;
		};
		C6DCF0E5261CBB880049D989 /* PBXTargetDependency */ = {
			isa = PBXTargetDependency;
			target = C6DCF0C1261CBB840049D989 /* M-News */;
			targetProxy = C6DCF0E4261CBB880049D989 /* PBXContainerItemProxy */;
		};
/* End PBXTargetDependency section */

/* Begin PBXVariantGroup section */
		C6DCF0D0261CBB880049D989 /* LaunchScreen.storyboard */ = {
			isa = PBXVariantGroup;
			children = (
				C6DCF0D1261CBB880049D989 /* Base */,
			);
			name = LaunchScreen.storyboard;
			sourceTree = "<group>";
		};
/* End PBXVariantGroup section */

/* Begin XCBuildConfiguration section */
		C6DCF0EA261CBB880049D989 /* Debug */ = {
			isa = XCBuildConfiguration;
			buildSettings = {
				ALWAYS_SEARCH_USER_PATHS = NO;
				CLANG_ANALYZER_NONNULL = YES;
				CLANG_ANALYZER_NUMBER_OBJECT_CONVERSION = YES_AGGRESSIVE;
				CLANG_CXX_LANGUAGE_STANDARD = "gnu++14";
				CLANG_CXX_LIBRARY = "libc++";
				CLANG_ENABLE_MODULES = YES;
				CLANG_ENABLE_OBJC_ARC = YES;
				CLANG_ENABLE_OBJC_WEAK = YES;
				CLANG_WARN_BLOCK_CAPTURE_AUTORELEASING = YES;
				CLANG_WARN_BOOL_CONVERSION = YES;
				CLANG_WARN_COMMA = YES;
				CLANG_WARN_CONSTANT_CONVERSION = YES;
				CLANG_WARN_DEPRECATED_OBJC_IMPLEMENTATIONS = YES;
				CLANG_WARN_DIRECT_OBJC_ISA_USAGE = YES_ERROR;
				CLANG_WARN_DOCUMENTATION_COMMENTS = YES;
				CLANG_WARN_EMPTY_BODY = YES;
				CLANG_WARN_ENUM_CONVERSION = YES;
				CLANG_WARN_INFINITE_RECURSION = YES;
				CLANG_WARN_INT_CONVERSION = YES;
				CLANG_WARN_NON_LITERAL_NULL_CONVERSION = YES;
				CLANG_WARN_OBJC_IMPLICIT_RETAIN_SELF = YES;
				CLANG_WARN_OBJC_LITERAL_CONVERSION = YES;
				CLANG_WARN_OBJC_ROOT_CLASS = YES_ERROR;
				CLANG_WARN_QUOTED_INCLUDE_IN_FRAMEWORK_HEADER = YES;
				CLANG_WARN_RANGE_LOOP_ANALYSIS = YES;
				CLANG_WARN_STRICT_PROTOTYPES = YES;
				CLANG_WARN_SUSPICIOUS_MOVE = YES;
				CLANG_WARN_UNGUARDED_AVAILABILITY = YES_AGGRESSIVE;
				CLANG_WARN_UNREACHABLE_CODE = YES;
				CLANG_WARN__DUPLICATE_METHOD_MATCH = YES;
				COPY_PHASE_STRIP = NO;
				DEBUG_INFORMATION_FORMAT = dwarf;
				ENABLE_STRICT_OBJC_MSGSEND = YES;
				ENABLE_TESTABILITY = YES;
				GCC_C_LANGUAGE_STANDARD = gnu11;
				GCC_DYNAMIC_NO_PIC = NO;
				GCC_NO_COMMON_BLOCKS = YES;
				GCC_OPTIMIZATION_LEVEL = 0;
				GCC_PREPROCESSOR_DEFINITIONS = (
					"DEBUG=1",
					"$(inherited)",
				);
				GCC_WARN_64_TO_32_BIT_CONVERSION = YES;
				GCC_WARN_ABOUT_RETURN_TYPE = YES_ERROR;
				GCC_WARN_UNDECLARED_SELECTOR = YES;
				GCC_WARN_UNINITIALIZED_AUTOS = YES_AGGRESSIVE;
				GCC_WARN_UNUSED_FUNCTION = YES;
				GCC_WARN_UNUSED_VARIABLE = YES;
				IPHONEOS_DEPLOYMENT_TARGET = 14.4;
				MTL_ENABLE_DEBUG_INFO = INCLUDE_SOURCE;
				MTL_FAST_MATH = YES;
				ONLY_ACTIVE_ARCH = YES;
				SDKROOT = iphoneos;
				SWIFT_ACTIVE_COMPILATION_CONDITIONS = DEBUG;
				SWIFT_OPTIMIZATION_LEVEL = "-Onone";
			};
			name = Debug;
		};
		C6DCF0EB261CBB880049D989 /* Release */ = {
			isa = XCBuildConfiguration;
			buildSettings = {
				ALWAYS_SEARCH_USER_PATHS = NO;
				CLANG_ANALYZER_NONNULL = YES;
				CLANG_ANALYZER_NUMBER_OBJECT_CONVERSION = YES_AGGRESSIVE;
				CLANG_CXX_LANGUAGE_STANDARD = "gnu++14";
				CLANG_CXX_LIBRARY = "libc++";
				CLANG_ENABLE_MODULES = YES;
				CLANG_ENABLE_OBJC_ARC = YES;
				CLANG_ENABLE_OBJC_WEAK = YES;
				CLANG_WARN_BLOCK_CAPTURE_AUTORELEASING = YES;
				CLANG_WARN_BOOL_CONVERSION = YES;
				CLANG_WARN_COMMA = YES;
				CLANG_WARN_CONSTANT_CONVERSION = YES;
				CLANG_WARN_DEPRECATED_OBJC_IMPLEMENTATIONS = YES;
				CLANG_WARN_DIRECT_OBJC_ISA_USAGE = YES_ERROR;
				CLANG_WARN_DOCUMENTATION_COMMENTS = YES;
				CLANG_WARN_EMPTY_BODY = YES;
				CLANG_WARN_ENUM_CONVERSION = YES;
				CLANG_WARN_INFINITE_RECURSION = YES;
				CLANG_WARN_INT_CONVERSION = YES;
				CLANG_WARN_NON_LITERAL_NULL_CONVERSION = YES;
				CLANG_WARN_OBJC_IMPLICIT_RETAIN_SELF = YES;
				CLANG_WARN_OBJC_LITERAL_CONVERSION = YES;
				CLANG_WARN_OBJC_ROOT_CLASS = YES_ERROR;
				CLANG_WARN_QUOTED_INCLUDE_IN_FRAMEWORK_HEADER = YES;
				CLANG_WARN_RANGE_LOOP_ANALYSIS = YES;
				CLANG_WARN_STRICT_PROTOTYPES = YES;
				CLANG_WARN_SUSPICIOUS_MOVE = YES;
				CLANG_WARN_UNGUARDED_AVAILABILITY = YES_AGGRESSIVE;
				CLANG_WARN_UNREACHABLE_CODE = YES;
				CLANG_WARN__DUPLICATE_METHOD_MATCH = YES;
				COPY_PHASE_STRIP = NO;
				DEBUG_INFORMATION_FORMAT = "dwarf-with-dsym";
				ENABLE_NS_ASSERTIONS = NO;
				ENABLE_STRICT_OBJC_MSGSEND = YES;
				GCC_C_LANGUAGE_STANDARD = gnu11;
				GCC_NO_COMMON_BLOCKS = YES;
				GCC_WARN_64_TO_32_BIT_CONVERSION = YES;
				GCC_WARN_ABOUT_RETURN_TYPE = YES_ERROR;
				GCC_WARN_UNDECLARED_SELECTOR = YES;
				GCC_WARN_UNINITIALIZED_AUTOS = YES_AGGRESSIVE;
				GCC_WARN_UNUSED_FUNCTION = YES;
				GCC_WARN_UNUSED_VARIABLE = YES;
				IPHONEOS_DEPLOYMENT_TARGET = 14.4;
				MTL_ENABLE_DEBUG_INFO = NO;
				MTL_FAST_MATH = YES;
				SDKROOT = iphoneos;
				SWIFT_COMPILATION_MODE = wholemodule;
				SWIFT_OPTIMIZATION_LEVEL = "-O";
				VALIDATE_PRODUCT = YES;
			};
			name = Release;
		};
		C6DCF0ED261CBB880049D989 /* Debug */ = {
			isa = XCBuildConfiguration;
			baseConfigurationReference = 31BF241B848F08ED95744399 /* Pods-M-News.debug.xcconfig */;
			buildSettings = {
				ASSETCATALOG_COMPILER_APPICON_NAME = AppIcon;
				ASSETCATALOG_COMPILER_GLOBAL_ACCENT_COLOR_NAME = AccentColor;
				CODE_SIGN_STYLE = Automatic;
				DEVELOPMENT_TEAM = DR7JKZZ273;
				INFOPLIST_FILE = "M-News/Info.plist";
				LD_RUNPATH_SEARCH_PATHS = (
					"$(inherited)",
					"@executable_path/Frameworks",
				);
				PRODUCT_BUNDLE_IDENTIFIER = "gtsofa.com.M-News";
				PRODUCT_NAME = "$(TARGET_NAME)";
				SWIFT_VERSION = 5.0;
				TARGETED_DEVICE_FAMILY = "1,2";
			};
			name = Debug;
		};
		C6DCF0EE261CBB880049D989 /* Release */ = {
			isa = XCBuildConfiguration;
			baseConfigurationReference = 84A31EAB9EDE0701F8406166 /* Pods-M-News.release.xcconfig */;
			buildSettings = {
				ASSETCATALOG_COMPILER_APPICON_NAME = AppIcon;
				ASSETCATALOG_COMPILER_GLOBAL_ACCENT_COLOR_NAME = AccentColor;
				CODE_SIGN_STYLE = Automatic;
				DEVELOPMENT_TEAM = DR7JKZZ273;
				INFOPLIST_FILE = "M-News/Info.plist";
				LD_RUNPATH_SEARCH_PATHS = (
					"$(inherited)",
					"@executable_path/Frameworks",
				);
				PRODUCT_BUNDLE_IDENTIFIER = "gtsofa.com.M-News";
				PRODUCT_NAME = "$(TARGET_NAME)";
				SWIFT_VERSION = 5.0;
				TARGETED_DEVICE_FAMILY = "1,2";
			};
			name = Release;
		};
		C6DCF0F0261CBB880049D989 /* Debug */ = {
			isa = XCBuildConfiguration;
			baseConfigurationReference = 0698AD771DE2DC38C3CAF85D /* Pods-M-NewsTests.debug.xcconfig */;
			buildSettings = {
				ALWAYS_EMBED_SWIFT_STANDARD_LIBRARIES = YES;
				BUNDLE_LOADER = "$(TEST_HOST)";
				CODE_SIGN_STYLE = Automatic;
				DEVELOPMENT_TEAM = DR7JKZZ273;
				INFOPLIST_FILE = "M-NewsTests/Info.plist";
				IPHONEOS_DEPLOYMENT_TARGET = 14.4;
				LD_RUNPATH_SEARCH_PATHS = (
					"$(inherited)",
					"@executable_path/Frameworks",
					"@loader_path/Frameworks",
				);
				PRODUCT_BUNDLE_IDENTIFIER = "gtsofa.com.M-NewsTests";
				PRODUCT_NAME = "$(TARGET_NAME)";
				SWIFT_VERSION = 5.0;
				TARGETED_DEVICE_FAMILY = "1,2";
				TEST_HOST = "$(BUILT_PRODUCTS_DIR)/M-News.app/M-News";
			};
			name = Debug;
		};
		C6DCF0F1261CBB880049D989 /* Release */ = {
			isa = XCBuildConfiguration;
			baseConfigurationReference = F9290184A8F72AFC13D25499 /* Pods-M-NewsTests.release.xcconfig */;
			buildSettings = {
				ALWAYS_EMBED_SWIFT_STANDARD_LIBRARIES = YES;
				BUNDLE_LOADER = "$(TEST_HOST)";
				CODE_SIGN_STYLE = Automatic;
				DEVELOPMENT_TEAM = DR7JKZZ273;
				INFOPLIST_FILE = "M-NewsTests/Info.plist";
				IPHONEOS_DEPLOYMENT_TARGET = 14.4;
				LD_RUNPATH_SEARCH_PATHS = (
					"$(inherited)",
					"@executable_path/Frameworks",
					"@loader_path/Frameworks",
				);
				PRODUCT_BUNDLE_IDENTIFIER = "gtsofa.com.M-NewsTests";
				PRODUCT_NAME = "$(TARGET_NAME)";
				SWIFT_VERSION = 5.0;
				TARGETED_DEVICE_FAMILY = "1,2";
				TEST_HOST = "$(BUILT_PRODUCTS_DIR)/M-News.app/M-News";
			};
			name = Release;
		};
		C6DCF0F3261CBB880049D989 /* Debug */ = {
			isa = XCBuildConfiguration;
			baseConfigurationReference = 6A3B6CE50E93F89BFF98CFCE /* Pods-M-News-M-NewsUITests.debug.xcconfig */;
			buildSettings = {
				ALWAYS_EMBED_SWIFT_STANDARD_LIBRARIES = YES;
				CODE_SIGN_STYLE = Automatic;
				DEVELOPMENT_TEAM = DR7JKZZ273;
				INFOPLIST_FILE = "M-NewsUITests/Info.plist";
				LD_RUNPATH_SEARCH_PATHS = (
					"$(inherited)",
					"@executable_path/Frameworks",
					"@loader_path/Frameworks",
				);
				PRODUCT_BUNDLE_IDENTIFIER = "gtsofa.com.M-NewsUITests";
				PRODUCT_NAME = "$(TARGET_NAME)";
				SWIFT_VERSION = 5.0;
				TARGETED_DEVICE_FAMILY = "1,2";
				TEST_TARGET_NAME = "M-News";
			};
			name = Debug;
		};
		C6DCF0F4261CBB880049D989 /* Release */ = {
			isa = XCBuildConfiguration;
			baseConfigurationReference = 555B5B90CDEF7F9A33575913 /* Pods-M-News-M-NewsUITests.release.xcconfig */;
			buildSettings = {
				ALWAYS_EMBED_SWIFT_STANDARD_LIBRARIES = YES;
				CODE_SIGN_STYLE = Automatic;
				DEVELOPMENT_TEAM = DR7JKZZ273;
				INFOPLIST_FILE = "M-NewsUITests/Info.plist";
				LD_RUNPATH_SEARCH_PATHS = (
					"$(inherited)",
					"@executable_path/Frameworks",
					"@loader_path/Frameworks",
				);
				PRODUCT_BUNDLE_IDENTIFIER = "gtsofa.com.M-NewsUITests";
				PRODUCT_NAME = "$(TARGET_NAME)";
				SWIFT_VERSION = 5.0;
				TARGETED_DEVICE_FAMILY = "1,2";
				TEST_TARGET_NAME = "M-News";
			};
			name = Release;
		};
/* End XCBuildConfiguration section */

/* Begin XCConfigurationList section */
		C6DCF0BD261CBB840049D989 /* Build configuration list for PBXProject "M-News" */ = {
			isa = XCConfigurationList;
			buildConfigurations = (
				C6DCF0EA261CBB880049D989 /* Debug */,
				C6DCF0EB261CBB880049D989 /* Release */,
			);
			defaultConfigurationIsVisible = 0;
			defaultConfigurationName = Release;
		};
		C6DCF0EC261CBB880049D989 /* Build configuration list for PBXNativeTarget "M-News" */ = {
			isa = XCConfigurationList;
			buildConfigurations = (
				C6DCF0ED261CBB880049D989 /* Debug */,
				C6DCF0EE261CBB880049D989 /* Release */,
			);
			defaultConfigurationIsVisible = 0;
			defaultConfigurationName = Release;
		};
		C6DCF0EF261CBB880049D989 /* Build configuration list for PBXNativeTarget "M-NewsTests" */ = {
			isa = XCConfigurationList;
			buildConfigurations = (
				C6DCF0F0261CBB880049D989 /* Debug */,
				C6DCF0F1261CBB880049D989 /* Release */,
			);
			defaultConfigurationIsVisible = 0;
			defaultConfigurationName = Release;
		};
		C6DCF0F2261CBB880049D989 /* Build configuration list for PBXNativeTarget "M-NewsUITests" */ = {
			isa = XCConfigurationList;
			buildConfigurations = (
				C6DCF0F3261CBB880049D989 /* Debug */,
				C6DCF0F4261CBB880049D989 /* Release */,
			);
			defaultConfigurationIsVisible = 0;
			defaultConfigurationName = Release;
		};
/* End XCConfigurationList section */
	};
	rootObject = C6DCF0BA261CBB830049D989 /* Project object */;
}
