// !$*UTF8*$!
{
	archiveVersion = 1;
	classes = {
	};
	objectVersion = 50;
	objects = {

/* Begin PBXBuildFile section */
		C6DCF0C6261CBB840049D989 /* AppDelegate.swift in Sources */ = {isa = PBXBuildFile; fileRef = C6DCF0C5261CBB840049D989 /* AppDelegate.swift */; };
		C6DCF0C8261CBB840049D989 /* SceneDelegate.swift in Sources */ = {isa = PBXBuildFile; fileRef = C6DCF0C7261CBB840049D989 /* SceneDelegate.swift */; };
		C6DCF0CA261CBB840049D989 /* ViewController.swift in Sources */ = {isa = PBXBuildFile; fileRef = C6DCF0C9261CBB840049D989 /* ViewController.swift */; };
		C6DCF0CF261CBB880049D989 /* Assets.xcassets in Resources */ = {isa = PBXBuildFile; fileRef = C6DCF0CE261CBB880049D989 /* Assets.xcassets */; };
		C6DCF0D2261CBB880049D989 /* LaunchScreen.storyboard in Resources */ = {isa = PBXBuildFile; fileRef = C6DCF0D0261CBB880049D989 /* LaunchScreen.storyboard */; };
		C6DCF0DD261CBB880049D989 /* M_NewsTests.swift in Sources */ = {isa = PBXBuildFile; fileRef = C6DCF0DC261CBB880049D989 /* M_NewsTests.swift */; };
		C6DCF0E8261CBB880049D989 /* M_NewsUITests.swift in Sources */ = {isa = PBXBuildFile; fileRef = C6DCF0E7261CBB880049D989 /* M_NewsUITests.swift */; };
		C6DCF103261CBDD20049D989 /* LoginController.swift in Sources */ = {isa = PBXBuildFile; fileRef = C6DCF102261CBDD20049D989 /* LoginController.swift */; };
		C6DCF109261CC0440049D989 /* Extension.swift in Sources */ = {isa = PBXBuildFile; fileRef = C6DCF108261CC0440049D989 /* Extension.swift */; };
		C6DCF10E261CE6240049D989 /* SignUpController.swift in Sources */ = {isa = PBXBuildFile; fileRef = C6DCF10D261CE6240049D989 /* SignUpController.swift */; };
/* End PBXBuildFile section */

/* Begin PBXContainerItemProxy section */
		C6DCF0D9261CBB880049D989 /* PBXContainerItemProxy */ = {
			isa = PBXContainerItemProxy;
			containerPortal = C6DCF0BA261CBB830049D989 /* Project object */;
			proxyType = 1;
			remoteGlobalIDString = C6DCF0C1261CBB840049D989;
			remoteInfo = "M-News";
		};
		C6DCF0E4261CBB880049D989 /* PBXContainerItemProxy */ = {
			isa = PBXContainerItemProxy;
			containerPortal = C6DCF0BA261CBB830049D989 /* Project object */;
			proxyType = 1;
			remoteGlobalIDString = C6DCF0C1261CBB840049D989;
			remoteInfo = "M-News";
		};
/* End PBXContainerItemProxy section */

/* Begin PBXFileReference section */
		C6DCF0C2261CBB840049D989 /* M-News.app */ = {isa = PBXFileReference; explicitFileType = wrapper.application; includeInIndex = 0; path = "M-News.app"; sourceTree = BUILT_PRODUCTS_DIR; };
		C6DCF0C5261CBB840049D989 /* AppDelegate.swift */ = {isa = PBXFileReference; lastKnownFileType = sourcecode.swift; path = AppDelegate.swift; sourceTree = "<group>"; };
		C6DCF0C7261CBB840049D989 /* SceneDelegate.swift */ = {isa = PBXFileReference; lastKnownFileType = sourcecode.swift; path = SceneDelegate.swift; sourceTree = "<group>"; };
		C6DCF0C9261CBB840049D989 /* ViewController.swift */ = {isa = PBXFileReference; lastKnownFileType = sourcecode.swift; path = ViewController.swift; sourceTree = "<group>"; };
		C6DCF0CE261CBB880049D989 /* Assets.xcassets */ = {isa = PBXFileReference; lastKnownFileType = folder.assetcatalog; path = Assets.xcassets; sourceTree = "<group>"; };
		C6DCF0D1261CBB880049D989 /* Base */ = {isa = PBXFileReference; lastKnownFileType = file.storyboard; name = Base; path = Base.lproj/LaunchScreen.storyboard; sourceTree = "<group>"; };
		C6DCF0D3261CBB880049D989 /* Info.plist */ = {isa = PBXFileReference; lastKnownFileType = text.plist.xml; path = Info.plist; sourceTree = "<group>"; };
		C6DCF0D8261CBB880049D989 /* M-NewsTests.xctest */ = {isa = PBXFileReference; explicitFileType = wrapper.cfbundle; includeInIndex = 0; path = "M-NewsTests.xctest"; sourceTree = BUILT_PRODUCTS_DIR; };
		C6DCF0DC261CBB880049D989 /* M_NewsTests.swift */ = {isa = PBXFileReference; lastKnownFileType = sourcecode.swift; path = M_NewsTests.swift; sourceTree = "<group>"; };
		C6DCF0DE261CBB880049D989 /* Info.plist */ = {isa = PBXFileReference; lastKnownFileType = text.plist.xml; path = Info.plist; sourceTree = "<group>"; };
		C6DCF0E3261CBB880049D989 /* M-NewsUITests.xctest */ = {isa = PBXFileReference; explicitFileType = wrapper.cfbundle; includeInIndex = 0; path = "M-NewsUITests.xctest"; sourceTree = BUILT_PRODUCTS_DIR; };
		C6DCF0E7261CBB880049D989 /* M_NewsUITests.swift */ = {isa = PBXFileReference; lastKnownFileType = sourcecode.swift; path = M_NewsUITests.swift; sourceTree = "<group>"; };
		C6DCF0E9261CBB880049D989 /* Info.plist */ = {isa = PBXFileReference; lastKnownFileType = text.plist.xml; path = Info.plist; sourceTree = "<group>"; };
		C6DCF102261CBDD20049D989 /* LoginController.swift */ = {isa = PBXFileReference; lastKnownFileType = sourcecode.swift; path = LoginController.swift; sourceTree = "<group>"; };
		C6DCF108261CC0440049D989 /* Extension.swift */ = {isa = PBXFileReference; lastKnownFileType = sourcecode.swift; path = Extension.swift; sourceTree = "<group>"; };
		C6DCF10D261CE6240049D989 /* SignUpController.swift */ = {isa = PBXFileReference; lastKnownFileType = sourcecode.swift; path = SignUpController.swift; sourceTree = "<group>"; };
/* End PBXFileReference section */

/* Begin PBXFrameworksBuildPhase section */
		C6DCF0BF261CBB840049D989 /* Frameworks */ = {
			isa = PBXFrameworksBuildPhase;
			buildActionMask = 2147483647;
			files = (
			);
			runOnlyForDeploymentPostprocessing = 0;
		};
		C6DCF0D5261CBB880049D989 /* Frameworks */ = {
			isa = PBXFrameworksBuildPhase;
			buildActionMask = 2147483647;
			files = (
			);
			runOnlyForDeploymentPostprocessing = 0;
		};
		C6DCF0E0261CBB880049D989 /* Frameworks */ = {
			isa = PBXFrameworksBuildPhase;
			buildActionMask = 2147483647;
			files = (
			);
			runOnlyForDeploymentPostprocessing = 0;
		};
/* End PBXFrameworksBuildPhase section */

/* Begin PBXGroup section */
		C6DCF0B9261CBB830049D989 = {
			isa = PBXGroup;
			children = (
				C6DCF0C4261CBB840049D989 /* M-News */,
				C6DCF0DB261CBB880049D989 /* M-NewsTests */,
				C6DCF0E6261CBB880049D989 /* M-NewsUITests */,
				C6DCF0C3261CBB840049D989 /* Products */,
			);
			sourceTree = "<group>";
		};
		C6DCF0C3261CBB840049D989 /* Products */ = {
			isa = PBXGroup;
			children = (
				C6DCF0C2261CBB840049D989 /* M-News.app */,
				C6DCF0D8261CBB880049D989 /* M-NewsTests.xctest */,
				C6DCF0E3261CBB880049D989 /* M-NewsUITests.xctest */,
			);
			name = Products;
			sourceTree = "<group>";
		};
		C6DCF0C4261CBB840049D989 /* M-News */ = {
			isa = PBXGroup;
			children = (
				C6DCF107261CC0020049D989 /* Utils */,
				C6DCF0FE261CBD7D0049D989 /* Controller */,
				C6DCF0C5261CBB840049D989 /* AppDelegate.swift */,
				C6DCF0C7261CBB840049D989 /* SceneDelegate.swift */,
				C6DCF0C9261CBB840049D989 /* ViewController.swift */,
				C6DCF0CE261CBB880049D989 /* Assets.xcassets */,
				C6DCF0D0261CBB880049D989 /* LaunchScreen.storyboard */,
				C6DCF0D3261CBB880049D989 /* Info.plist */,
			);
			path = "M-News";
			sourceTree = "<group>";
		};
		C6DCF0DB261CBB880049D989 /* M-NewsTests */ = {
			isa = PBXGroup;
			children = (
				C6DCF0DC261CBB880049D989 /* M_NewsTests.swift */,
				C6DCF0DE261CBB880049D989 /* Info.plist */,
			);
			path = "M-NewsTests";
			sourceTree = "<group>";
		};
		C6DCF0E6261CBB880049D989 /* M-NewsUITests */ = {
			isa = PBXGroup;
			children = (
				C6DCF0E7261CBB880049D989 /* M_NewsUITests.swift */,
				C6DCF0E9261CBB880049D989 /* Info.plist */,
			);
			path = "M-NewsUITests";
			sourceTree = "<group>";
		};
		C6DCF0FE261CBD7D0049D989 /* Controller */ = {
			isa = PBXGroup;
			children = (
				C6DCF102261CBDD20049D989 /* LoginController.swift */,
				C6DCF10D261CE6240049D989 /* SignUpController.swift */,
			);
			path = Controller;
			sourceTree = "<group>";
		};
		C6DCF107261CC0020049D989 /* Utils */ = {
			isa = PBXGroup;
			children = (
				C6DCF108261CC0440049D989 /* Extension.swift */,
			);
			path = Utils;
			sourceTree = "<group>";
		};
/* End PBXGroup section */

/* Begin PBXNativeTarget section */
		C6DCF0C1261CBB840049D989 /* M-News */ = {
			isa = PBXNativeTarget;
			buildConfigurationList = C6DCF0EC261CBB880049D989 /* Build configuration list for PBXNativeTarget "M-News" */;
			buildPhases = (
				C6DCF0BE261CBB840049D989 /* Sources */,
				C6DCF0BF261CBB840049D989 /* Frameworks */,
				C6DCF0C0261CBB840049D989 /* Resources */,
			);
			buildRules = (
			);
			dependencies = (
			);
			name = "M-News";
			productName = "M-News";
			productReference = C6DCF0C2261CBB840049D989 /* M-News.app */;
			productType = "com.apple.product-type.application";
		};
		C6DCF0D7261CBB880049D989 /* M-NewsTests */ = {
			isa = PBXNativeTarget;
			buildConfigurationList = C6DCF0EF261CBB880049D989 /* Build configuration list for PBXNativeTarget "M-NewsTests" */;
			buildPhases = (
				C6DCF0D4261CBB880049D989 /* Sources */,
				C6DCF0D5261CBB880049D989 /* Frameworks */,
				C6DCF0D6261CBB880049D989 /* Resources */,
			);
			buildRules = (
			);
			dependencies = (
				C6DCF0DA261CBB880049D989 /* PBXTargetDependency */,
			);
			name = "M-NewsTests";
			productName = "M-NewsTests";
			productReference = C6DCF0D8261CBB880049D989 /* M-NewsTests.xctest */;
			productType = "com.apple.product-type.bundle.unit-test";
		};
		C6DCF0E2261CBB880049D989 /* M-NewsUITests */ = {
			isa = PBXNativeTarget;
			buildConfigurationList = C6DCF0F2261CBB880049D989 /* Build configuration list for PBXNativeTarget "M-NewsUITests" */;
			buildPhases = (
				C6DCF0DF261CBB880049D989 /* Sources */,
				C6DCF0E0261CBB880049D989 /* Frameworks */,
				C6DCF0E1261CBB880049D989 /* Resources */,
			);
			buildRules = (
			);
			dependencies = (
				C6DCF0E5261CBB880049D989 /* PBXTargetDependency */,
			);
			name = "M-NewsUITests";
			productName = "M-NewsUITests";
			productReference = C6DCF0E3261CBB880049D989 /* M-NewsUITests.xctest */;
			productType = "com.apple.product-type.bundle.ui-testing";
		};
/* End PBXNativeTarget section */

/* Begin PBXProject section */
		C6DCF0BA261CBB830049D989 /* Project object */ = {
			isa = PBXProject;
			attributes = {
				LastSwiftUpdateCheck = 1240;
				LastUpgradeCheck = 1240;
				TargetAttributes = {
					C6DCF0C1261CBB840049D989 = {
						CreatedOnToolsVersion = 12.4;
					};
					C6DCF0D7261CBB880049D989 = {
						CreatedOnToolsVersion = 12.4;
						TestTargetID = C6DCF0C1261CBB840049D989;
					};
					C6DCF0E2261CBB880049D989 = {
						CreatedOnToolsVersion = 12.4;
						TestTargetID = C6DCF0C1261CBB840049D989;
					};
				};
			};
			buildConfigurationList = C6DCF0BD261CBB840049D989 /* Build configuration list for PBXProject "M-News" */;
			compatibilityVersion = "Xcode 9.3";
			developmentRegion = en;
			hasScannedForEncodings = 0;
			knownRegions = (
				en,
				Base,
			);
			mainGroup = C6DCF0B9261CBB830049D989;
			productRefGroup = C6DCF0C3261CBB840049D989 /* Products */;
			projectDirPath = "";
			projectRoot = "";
			targets = (
				C6DCF0C1261CBB840049D989 /* M-News */,
				C6DCF0D7261CBB880049D989 /* M-NewsTests */,
				C6DCF0E2261CBB880049D989 /* M-NewsUITests */,
			);
		};
/* End PBXProject section */

/* Begin PBXResourcesBuildPhase section */
		C6DCF0C0261CBB840049D989 /* Resources */ = {
			isa = PBXResourcesBuildPhase;
			buildActionMask = 2147483647;
			files = (
				C6DCF0D2261CBB880049D989 /* LaunchScreen.storyboard in Resources */,
				C6DCF0CF261CBB880049D989 /* Assets.xcassets in Resources */,
			);
			runOnlyForDeploymentPostprocessing = 0;
		};
		C6DCF0D6261CBB880049D989 /* Resources */ = {
			isa = PBXResourcesBuildPhase;
			buildActionMask = 2147483647;
			files = (
			);
			runOnlyForDeploymentPostprocessing = 0;
		};
		C6DCF0E1261CBB880049D989 /* Resources */ = {
			isa = PBXResourcesBuildPhase;
			buildActionMask = 2147483647;
			files = (
			);
			runOnlyForDeploymentPostprocessing = 0;
		};
/* End PBXResourcesBuildPhase section */

/* Begin PBXSourcesBuildPhase section */
		C6DCF0BE261CBB840049D989 /* Sources */ = {
			isa = PBXSourcesBuildPhase;
			buildActionMask = 2147483647;
			files = (
				C6DCF109261CC0440049D989 /* Extension.swift in Sources */,
				C6DCF0CA261CBB840049D989 /* ViewController.swift in Sources */,
				C6DCF103261CBDD20049D989 /* LoginController.swift in Sources */,
				C6DCF0C6261CBB840049D989 /* AppDelegate.swift in Sources */,
				C6DCF0C8261CBB840049D989 /* SceneDelegate.swift in Sources */,
				C6DCF10E261CE6240049D989 /* SignUpController.swift in Sources */,
			);
			runOnlyForDeploymentPostprocessing = 0;
		};
		C6DCF0D4261CBB880049D989 /* Sources */ = {
			isa = PBXSourcesBuildPhase;
			buildActionMask = 2147483647;
			files = (
				C6DCF0DD261CBB880049D989 /* M_NewsTests.swift in Sources */,
			);
			runOnlyForDeploymentPostprocessing = 0;
		};
		C6DCF0DF261CBB880049D989 /* Sources */ = {
			isa = PBXSourcesBuildPhase;
			buildActionMask = 2147483647;
			files = (
				C6DCF0E8261CBB880049D989 /* M_NewsUITests.swift in Sources */,
			);
			runOnlyForDeploymentPostprocessing = 0;
		};
/* End PBXSourcesBuildPhase section */

/* Begin PBXTargetDependency section */
		C6DCF0DA261CBB880049D989 /* PBXTargetDependency */ = {
			isa = PBXTargetDependency;
			target = C6DCF0C1261CBB840049D989 /* M-News */;
			targetProxy = C6DCF0D9261CBB880049D989 /* PBXContainerItemProxy */;
		};
		C6DCF0E5261CBB880049D989 /* PBXTargetDependency */ = {
			isa = PBXTargetDependency;
			target = C6DCF0C1261CBB840049D989 /* M-News */;
			targetProxy = C6DCF0E4261CBB880049D989 /* PBXContainerItemProxy */;
		};
/* End PBXTargetDependency section */

/* Begin PBXVariantGroup section */
		C6DCF0D0261CBB880049D989 /* LaunchScreen.storyboard */ = {
			isa = PBXVariantGroup;
			children = (
				C6DCF0D1261CBB880049D989 /* Base */,
			);
			name = LaunchScreen.storyboard;
			sourceTree = "<group>";
		};
/* End PBXVariantGroup section */

/* Begin XCBuildConfiguration section */
		C6DCF0EA261CBB880049D989 /* Debug */ = {
			isa = XCBuildConfiguration;
			buildSettings = {
				ALWAYS_SEARCH_USER_PATHS = NO;
				CLANG_ANALYZER_NONNULL = YES;
				CLANG_ANALYZER_NUMBER_OBJECT_CONVERSION = YES_AGGRESSIVE;
				CLANG_CXX_LANGUAGE_STANDARD = "gnu++14";
				CLANG_CXX_LIBRARY = "libc++";
				CLANG_ENABLE_MODULES = YES;
				CLANG_ENABLE_OBJC_ARC = YES;
				CLANG_ENABLE_OBJC_WEAK = YES;
				CLANG_WARN_BLOCK_CAPTURE_AUTORELEASING = YES;
				CLANG_WARN_BOOL_CONVERSION = YES;
				CLANG_WARN_COMMA = YES;
				CLANG_WARN_CONSTANT_CONVERSION = YES;
				CLANG_WARN_DEPRECATED_OBJC_IMPLEMENTATIONS = YES;
				CLANG_WARN_DIRECT_OBJC_ISA_USAGE = YES_ERROR;
				CLANG_WARN_DOCUMENTATION_COMMENTS = YES;
				CLANG_WARN_EMPTY_BODY = YES;
				CLANG_WARN_ENUM_CONVERSION = YES;
				CLANG_WARN_INFINITE_RECURSION = YES;
				CLANG_WARN_INT_CONVERSION = YES;
				CLANG_WARN_NON_LITERAL_NULL_CONVERSION = YES;
				CLANG_WARN_OBJC_IMPLICIT_RETAIN_SELF = YES;
				CLANG_WARN_OBJC_LITERAL_CONVERSION = YES;
				CLANG_WARN_OBJC_ROOT_CLASS = YES_ERROR;
				CLANG_WARN_QUOTED_INCLUDE_IN_FRAMEWORK_HEADER = YES;
				CLANG_WARN_RANGE_LOOP_ANALYSIS = YES;
				CLANG_WARN_STRICT_PROTOTYPES = YES;
				CLANG_WARN_SUSPICIOUS_MOVE = YES;
				CLANG_WARN_UNGUARDED_AVAILABILITY = YES_AGGRESSIVE;
				CLANG_WARN_UNREACHABLE_CODE = YES;
				CLANG_WARN__DUPLICATE_METHOD_MATCH = YES;
				COPY_PHASE_STRIP = NO;
				DEBUG_INFORMATION_FORMAT = dwarf;
				ENABLE_STRICT_OBJC_MSGSEND = YES;
				ENABLE_TESTABILITY = YES;
				GCC_C_LANGUAGE_STANDARD = gnu11;
				GCC_DYNAMIC_NO_PIC = NO;
				GCC_NO_COMMON_BLOCKS = YES;
				GCC_OPTIMIZATION_LEVEL = 0;
				GCC_PREPROCESSOR_DEFINITIONS = (
					"DEBUG=1",
					"$(inherited)",
				);
				GCC_WARN_64_TO_32_BIT_CONVERSION = YES;
				GCC_WARN_ABOUT_RETURN_TYPE = YES_ERROR;
				GCC_WARN_UNDECLARED_SELECTOR = YES;
				GCC_WARN_UNINITIALIZED_AUTOS = YES_AGGRESSIVE;
				GCC_WARN_UNUSED_FUNCTION = YES;
				GCC_WARN_UNUSED_VARIABLE = YES;
				IPHONEOS_DEPLOYMENT_TARGET = 14.4;
				MTL_ENABLE_DEBUG_INFO = INCLUDE_SOURCE;
				MTL_FAST_MATH = YES;
				ONLY_ACTIVE_ARCH = YES;
				SDKROOT = iphoneos;
				SWIFT_ACTIVE_COMPILATION_CONDITIONS = DEBUG;
				SWIFT_OPTIMIZATION_LEVEL = "-Onone";
			};
			name = Debug;
		};
		C6DCF0EB261CBB880049D989 /* Release */ = {
			isa = XCBuildConfiguration;
			buildSettings = {
				ALWAYS_SEARCH_USER_PATHS = NO;
				CLANG_ANALYZER_NONNULL = YES;
				CLANG_ANALYZER_NUMBER_OBJECT_CONVERSION = YES_AGGRESSIVE;
				CLANG_CXX_LANGUAGE_STANDARD = "gnu++14";
				CLANG_CXX_LIBRARY = "libc++";
				CLANG_ENABLE_MODULES = YES;
				CLANG_ENABLE_OBJC_ARC = YES;
				CLANG_ENABLE_OBJC_WEAK = YES;
				CLANG_WARN_BLOCK_CAPTURE_AUTORELEASING = YES;
				CLANG_WARN_BOOL_CONVERSION = YES;
				CLANG_WARN_COMMA = YES;
				CLANG_WARN_CONSTANT_CONVERSION = YES;
				CLANG_WARN_DEPRECATED_OBJC_IMPLEMENTATIONS = YES;
				CLANG_WARN_DIRECT_OBJC_ISA_USAGE = YES_ERROR;
				CLANG_WARN_DOCUMENTATION_COMMENTS = YES;
				CLANG_WARN_EMPTY_BODY = YES;
				CLANG_WARN_ENUM_CONVERSION = YES;
				CLANG_WARN_INFINITE_RECURSION = YES;
				CLANG_WARN_INT_CONVERSION = YES;
				CLANG_WARN_NON_LITERAL_NULL_CONVERSION = YES;
				CLANG_WARN_OBJC_IMPLICIT_RETAIN_SELF = YES;
				CLANG_WARN_OBJC_LITERAL_CONVERSION = YES;
				CLANG_WARN_OBJC_ROOT_CLASS = YES_ERROR;
				CLANG_WARN_QUOTED_INCLUDE_IN_FRAMEWORK_HEADER = YES;
				CLANG_WARN_RANGE_LOOP_ANALYSIS = YES;
				CLANG_WARN_STRICT_PROTOTYPES = YES;
				CLANG_WARN_SUSPICIOUS_MOVE = YES;
				CLANG_WARN_UNGUARDED_AVAILABILITY = YES_AGGRESSIVE;
				CLANG_WARN_UNREACHABLE_CODE = YES;
				CLANG_WARN__DUPLICATE_METHOD_MATCH = YES;
				COPY_PHASE_STRIP = NO;
				DEBUG_INFORMATION_FORMAT = "dwarf-with-dsym";
				ENABLE_NS_ASSERTIONS = NO;
				ENABLE_STRICT_OBJC_MSGSEND = YES;
				GCC_C_LANGUAGE_STANDARD = gnu11;
				GCC_NO_COMMON_BLOCKS = YES;
				GCC_WARN_64_TO_32_BIT_CONVERSION = YES;
				GCC_WARN_ABOUT_RETURN_TYPE = YES_ERROR;
				GCC_WARN_UNDECLARED_SELECTOR = YES;
				GCC_WARN_UNINITIALIZED_AUTOS = YES_AGGRESSIVE;
				GCC_WARN_UNUSED_FUNCTION = YES;
				GCC_WARN_UNUSED_VARIABLE = YES;
				IPHONEOS_DEPLOYMENT_TARGET = 14.4;
				MTL_ENABLE_DEBUG_INFO = NO;
				MTL_FAST_MATH = YES;
				SDKROOT = iphoneos;
				SWIFT_COMPILATION_MODE = wholemodule;
				SWIFT_OPTIMIZATION_LEVEL = "-O";
				VALIDATE_PRODUCT = YES;
			};
			name = Release;
		};
		C6DCF0ED261CBB880049D989 /* Debug */ = {
			isa = XCBuildConfiguration;
			buildSettings = {
				ASSETCATALOG_COMPILER_APPICON_NAME = AppIcon;
				ASSETCATALOG_COMPILER_GLOBAL_ACCENT_COLOR_NAME = AccentColor;
				CODE_SIGN_STYLE = Automatic;
				DEVELOPMENT_TEAM = DR7JKZZ273;
				INFOPLIST_FILE = "M-News/Info.plist";
				LD_RUNPATH_SEARCH_PATHS = (
					"$(inherited)",
					"@executable_path/Frameworks",
				);
				PRODUCT_BUNDLE_IDENTIFIER = "gtsofa.com.M-News";
				PRODUCT_NAME = "$(TARGET_NAME)";
				SWIFT_VERSION = 5.0;
				TARGETED_DEVICE_FAMILY = "1,2";
			};
			name = Debug;
		};
		C6DCF0EE261CBB880049D989 /* Release */ = {
			isa = XCBuildConfiguration;
			buildSettings = {
				ASSETCATALOG_COMPILER_APPICON_NAME = AppIcon;
				ASSETCATALOG_COMPILER_GLOBAL_ACCENT_COLOR_NAME = AccentColor;
				CODE_SIGN_STYLE = Automatic;
				DEVELOPMENT_TEAM = DR7JKZZ273;
				INFOPLIST_FILE = "M-News/Info.plist";
				LD_RUNPATH_SEARCH_PATHS = (
					"$(inherited)",
					"@executable_path/Frameworks",
				);
				PRODUCT_BUNDLE_IDENTIFIER = "gtsofa.com.M-News";
				PRODUCT_NAME = "$(TARGET_NAME)";
				SWIFT_VERSION = 5.0;
				TARGETED_DEVICE_FAMILY = "1,2";
			};
			name = Release;
		};
		C6DCF0F0261CBB880049D989 /* Debug */ = {
			isa = XCBuildConfiguration;
			buildSettings = {
				ALWAYS_EMBED_SWIFT_STANDARD_LIBRARIES = YES;
				BUNDLE_LOADER = "$(TEST_HOST)";
				CODE_SIGN_STYLE = Automatic;
				DEVELOPMENT_TEAM = DR7JKZZ273;
				INFOPLIST_FILE = "M-NewsTests/Info.plist";
				IPHONEOS_DEPLOYMENT_TARGET = 14.4;
				LD_RUNPATH_SEARCH_PATHS = (
					"$(inherited)",
					"@executable_path/Frameworks",
					"@loader_path/Frameworks",
				);
				PRODUCT_BUNDLE_IDENTIFIER = "gtsofa.com.M-NewsTests";
				PRODUCT_NAME = "$(TARGET_NAME)";
				SWIFT_VERSION = 5.0;
				TARGETED_DEVICE_FAMILY = "1,2";
				TEST_HOST = "$(BUILT_PRODUCTS_DIR)/M-News.app/M-News";
			};
			name = Debug;
		};
		C6DCF0F1261CBB880049D989 /* Release */ = {
			isa = XCBuildConfiguration;
			buildSettings = {
				ALWAYS_EMBED_SWIFT_STANDARD_LIBRARIES = YES;
				BUNDLE_LOADER = "$(TEST_HOST)";
				CODE_SIGN_STYLE = Automatic;
				DEVELOPMENT_TEAM = DR7JKZZ273;
				INFOPLIST_FILE = "M-NewsTests/Info.plist";
				IPHONEOS_DEPLOYMENT_TARGET = 14.4;
				LD_RUNPATH_SEARCH_PATHS = (
					"$(inherited)",
					"@executable_path/Frameworks",
					"@loader_path/Frameworks",
				);
				PRODUCT_BUNDLE_IDENTIFIER = "gtsofa.com.M-NewsTests";
				PRODUCT_NAME = "$(TARGET_NAME)";
				SWIFT_VERSION = 5.0;
				TARGETED_DEVICE_FAMILY = "1,2";
				TEST_HOST = "$(BUILT_PRODUCTS_DIR)/M-News.app/M-News";
			};
			name = Release;
		};
		C6DCF0F3261CBB880049D989 /* Debug */ = {
			isa = XCBuildConfiguration;
			buildSettings = {
				ALWAYS_EMBED_SWIFT_STANDARD_LIBRARIES = YES;
				CODE_SIGN_STYLE = Automatic;
				DEVELOPMENT_TEAM = DR7JKZZ273;
				INFOPLIST_FILE = "M-NewsUITests/Info.plist";
				LD_RUNPATH_SEARCH_PATHS = (
					"$(inherited)",
					"@executable_path/Frameworks",
					"@loader_path/Frameworks",
				);
				PRODUCT_BUNDLE_IDENTIFIER = "gtsofa.com.M-NewsUITests";
				PRODUCT_NAME = "$(TARGET_NAME)";
				SWIFT_VERSION = 5.0;
				TARGETED_DEVICE_FAMILY = "1,2";
				TEST_TARGET_NAME = "M-News";
			};
			name = Debug;
		};
		C6DCF0F4261CBB880049D989 /* Release */ = {
			isa = XCBuildConfiguration;
			buildSettings = {
				ALWAYS_EMBED_SWIFT_STANDARD_LIBRARIES = YES;
				CODE_SIGN_STYLE = Automatic;
				DEVELOPMENT_TEAM = DR7JKZZ273;
				INFOPLIST_FILE = "M-NewsUITests/Info.plist";
				LD_RUNPATH_SEARCH_PATHS = (
					"$(inherited)",
					"@executable_path/Frameworks",
					"@loader_path/Frameworks",
				);
				PRODUCT_BUNDLE_IDENTIFIER = "gtsofa.com.M-NewsUITests";
				PRODUCT_NAME = "$(TARGET_NAME)";
				SWIFT_VERSION = 5.0;
				TARGETED_DEVICE_FAMILY = "1,2";
				TEST_TARGET_NAME = "M-News";
			};
			name = Release;
		};
/* End XCBuildConfiguration section */

/* Begin XCConfigurationList section */
		C6DCF0BD261CBB840049D989 /* Build configuration list for PBXProject "M-News" */ = {
			isa = XCConfigurationList;
			buildConfigurations = (
				C6DCF0EA261CBB880049D989 /* Debug */,
				C6DCF0EB261CBB880049D989 /* Release */,
			);
			defaultConfigurationIsVisible = 0;
			defaultConfigurationName = Release;
		};
		C6DCF0EC261CBB880049D989 /* Build configuration list for PBXNativeTarget "M-News" */ = {
			isa = XCConfigurationList;
			buildConfigurations = (
				C6DCF0ED261CBB880049D989 /* Debug */,
				C6DCF0EE261CBB880049D989 /* Release */,
			);
			defaultConfigurationIsVisible = 0;
			defaultConfigurationName = Release;
		};
		C6DCF0EF261CBB880049D989 /* Build configuration list for PBXNativeTarget "M-NewsTests" */ = {
			isa = XCConfigurationList;
			buildConfigurations = (
				C6DCF0F0261CBB880049D989 /* Debug */,
				C6DCF0F1261CBB880049D989 /* Release */,
			);
			defaultConfigurationIsVisible = 0;
			defaultConfigurationName = Release;
		};
		C6DCF0F2261CBB880049D989 /* Build configuration list for PBXNativeTarget "M-NewsUITests" */ = {
			isa = XCConfigurationList;
			buildConfigurations = (
				C6DCF0F3261CBB880049D989 /* Debug */,
				C6DCF0F4261CBB880049D989 /* Release */,
			);
			defaultConfigurationIsVisible = 0;
			defaultConfigurationName = Release;
		};
/* End XCConfigurationList section */
	};
	rootObject = C6DCF0BA261CBB830049D989 /* Project object */;
}
